// !$*UTF8*$!
{
	archiveVersion = 1;
	classes = {
	};
	objectVersion = 50;
	objects = {

/* Begin PBXBuildFile section */
		008A74C721C54F370066FB87 /* AppDelegate.swift in Sources */ = {isa = PBXBuildFile; fileRef = 008A74C621C54F370066FB87 /* AppDelegate.swift */; };
		008A74C921C54F370066FB87 /* art.scnassets in Resources */ = {isa = PBXBuildFile; fileRef = 008A74C821C54F370066FB87 /* art.scnassets */; };
		008A74CB21C54F370066FB87 /* ViewController.swift in Sources */ = {isa = PBXBuildFile; fileRef = 008A74CA21C54F370066FB87 /* ViewController.swift */; };
		008A74CD21C54F370066FB87 /* ViewController+ARSCNViewDelegate.swift in Sources */ = {isa = PBXBuildFile; fileRef = 008A74CC21C54F370066FB87 /* ViewController+ARSCNViewDelegate.swift */; };
		008A74CF21C54F3A0066FB87 /* Assets.xcassets in Resources */ = {isa = PBXBuildFile; fileRef = 008A74CE21C54F3A0066FB87 /* Assets.xcassets */; };
		008A74D221C54F3A0066FB87 /* LaunchScreen.storyboard in Resources */ = {isa = PBXBuildFile; fileRef = 008A74D021C54F3A0066FB87 /* LaunchScreen.storyboard */; };
		008A74DA21C54FE90066FB87 /* ViewController+Drawing.swift in Sources */ = {isa = PBXBuildFile; fileRef = 008A74D921C54FE90066FB87 /* ViewController+Drawing.swift */; };
		883A482A9C08A38252B63441 /* Pods_DrawingWithSCNLine.framework in Frameworks */ = {isa = PBXBuildFile; fileRef = 7ACA251F27AE4B16A60E95E1 /* Pods_DrawingWithSCNLine.framework */; };
/* End PBXBuildFile section */

/* Begin PBXFileReference section */
		008A74C321C54F370066FB87 /* DrawingWithSCNLine.app */ = {isa = PBXFileReference; explicitFileType = wrapper.application; includeInIndex = 0; path = DrawingWithSCNLine.app; sourceTree = BUILT_PRODUCTS_DIR; };
		008A74C621C54F370066FB87 /* AppDelegate.swift */ = {isa = PBXFileReference; lastKnownFileType = sourcecode.swift; path = AppDelegate.swift; sourceTree = "<group>"; };
		008A74C821C54F370066FB87 /* art.scnassets */ = {isa = PBXFileReference; lastKnownFileType = text; path = art.scnassets; sourceTree = "<group>"; };
		008A74CA21C54F370066FB87 /* ViewController.swift */ = {isa = PBXFileReference; lastKnownFileType = sourcecode.swift; path = ViewController.swift; sourceTree = "<group>"; };
		008A74CC21C54F370066FB87 /* ViewController+ARSCNViewDelegate.swift */ = {isa = PBXFileReference; lastKnownFileType = sourcecode.swift; path = "ViewController+ARSCNViewDelegate.swift"; sourceTree = "<group>"; };
		008A74CE21C54F3A0066FB87 /* Assets.xcassets */ = {isa = PBXFileReference; lastKnownFileType = folder.assetcatalog; path = Assets.xcassets; sourceTree = "<group>"; };
		008A74D121C54F3A0066FB87 /* Base */ = {isa = PBXFileReference; lastKnownFileType = file.storyboard; name = Base; path = Base.lproj/LaunchScreen.storyboard; sourceTree = "<group>"; };
		008A74D321C54F3A0066FB87 /* Info.plist */ = {isa = PBXFileReference; lastKnownFileType = text.plist.xml; path = Info.plist; sourceTree = "<group>"; };
		008A74D921C54FE90066FB87 /* ViewController+Drawing.swift */ = {isa = PBXFileReference; lastKnownFileType = sourcecode.swift; path = "ViewController+Drawing.swift"; sourceTree = "<group>"; };
		24D3352DCC93E34A83387064 /* Pods-DrawingWithSCNLine.release.xcconfig */ = {isa = PBXFileReference; includeInIndex = 1; lastKnownFileType = text.xcconfig; name = "Pods-DrawingWithSCNLine.release.xcconfig"; path = "Target Support Files/Pods-DrawingWithSCNLine/Pods-DrawingWithSCNLine.release.xcconfig"; sourceTree = "<group>"; };
		313C49C0341C27D73595E5A0 /* Pods-DrawingWithSCNLine.debug.xcconfig */ = {isa = PBXFileReference; includeInIndex = 1; lastKnownFileType = text.xcconfig; name = "Pods-DrawingWithSCNLine.debug.xcconfig"; path = "Target Support Files/Pods-DrawingWithSCNLine/Pods-DrawingWithSCNLine.debug.xcconfig"; sourceTree = "<group>"; };
		7ACA251F27AE4B16A60E95E1 /* Pods_DrawingWithSCNLine.framework */ = {isa = PBXFileReference; explicitFileType = wrapper.framework; includeInIndex = 0; path = Pods_DrawingWithSCNLine.framework; sourceTree = BUILT_PRODUCTS_DIR; };
/* End PBXFileReference section */

/* Begin PBXFrameworksBuildPhase section */
		008A74C021C54F370066FB87 /* Frameworks */ = {
			isa = PBXFrameworksBuildPhase;
			buildActionMask = 2147483647;
			files = (
				883A482A9C08A38252B63441 /* Pods_DrawingWithSCNLine.framework in Frameworks */,
			);
			runOnlyForDeploymentPostprocessing = 0;
		};
/* End PBXFrameworksBuildPhase section */

/* Begin PBXGroup section */
		008A74BA21C54F370066FB87 = {
			isa = PBXGroup;
			children = (
				008A74C521C54F370066FB87 /* DrawingWithSCNLine */,
				008A74C421C54F370066FB87 /* Products */,
				402FA7C729E1B78CC942BD41 /* Pods */,
				E0A9F0EF4AE4E8916DFA59E3 /* Frameworks */,
			);
			sourceTree = "<group>";
		};
		008A74C421C54F370066FB87 /* Products */ = {
			isa = PBXGroup;
			children = (
				008A74C321C54F370066FB87 /* DrawingWithSCNLine.app */,
			);
			name = Products;
			sourceTree = "<group>";
		};
		008A74C521C54F370066FB87 /* DrawingWithSCNLine */ = {
			isa = PBXGroup;
			children = (
				008A74C621C54F370066FB87 /* AppDelegate.swift */,
				008A74C821C54F370066FB87 /* art.scnassets */,
				008A74CA21C54F370066FB87 /* ViewController.swift */,
				008A74CC21C54F370066FB87 /* ViewController+ARSCNViewDelegate.swift */,
				008A74D921C54FE90066FB87 /* ViewController+Drawing.swift */,
				008A74CE21C54F3A0066FB87 /* Assets.xcassets */,
				008A74D021C54F3A0066FB87 /* LaunchScreen.storyboard */,
				008A74D321C54F3A0066FB87 /* Info.plist */,
			);
			path = DrawingWithSCNLine;
			sourceTree = "<group>";
		};
		402FA7C729E1B78CC942BD41 /* Pods */ = {
			isa = PBXGroup;
			children = (
				313C49C0341C27D73595E5A0 /* Pods-DrawingWithSCNLine.debug.xcconfig */,
				24D3352DCC93E34A83387064 /* Pods-DrawingWithSCNLine.release.xcconfig */,
			);
			name = Pods;
			path = Pods;
			sourceTree = "<group>";
		};
		E0A9F0EF4AE4E8916DFA59E3 /* Frameworks */ = {
			isa = PBXGroup;
			children = (
				7ACA251F27AE4B16A60E95E1 /* Pods_DrawingWithSCNLine.framework */,
			);
			name = Frameworks;
			sourceTree = "<group>";
		};
/* End PBXGroup section */

/* Begin PBXNativeTarget section */
		008A74C221C54F370066FB87 /* DrawingWithSCNLine */ = {
			isa = PBXNativeTarget;
			buildConfigurationList = 008A74D621C54F3A0066FB87 /* Build configuration list for PBXNativeTarget "DrawingWithSCNLine" */;
			buildPhases = (
				B7C650C357C4CC057F9E63F0 /* [CP] Check Pods Manifest.lock */,
				008A74BF21C54F370066FB87 /* Sources */,
				008A74C021C54F370066FB87 /* Frameworks */,
				008A74C121C54F370066FB87 /* Resources */,
				6627F7C89538A3427F7C1BB2 /* [CP] Embed Pods Frameworks */,
			);
			buildRules = (
			);
			dependencies = (
			);
			name = DrawingWithSCNLine;
			productName = DrawingWithSCNLine;
			productReference = 008A74C321C54F370066FB87 /* DrawingWithSCNLine.app */;
			productType = "com.apple.product-type.application";
		};
/* End PBXNativeTarget section */

/* Begin PBXProject section */
		008A74BB21C54F370066FB87 /* Project object */ = {
			isa = PBXProject;
			attributes = {
				LastSwiftUpdateCheck = 1010;
				LastUpgradeCheck = 1010;
				ORGANIZATIONNAME = "Max Cobb";
				TargetAttributes = {
					008A74C221C54F370066FB87 = {
						CreatedOnToolsVersion = 10.1;
					};
				};
			};
			buildConfigurationList = 008A74BE21C54F370066FB87 /* Build configuration list for PBXProject "DrawingWithSCNLine" */;
			compatibilityVersion = "Xcode 9.3";
			developmentRegion = en;
			hasScannedForEncodings = 0;
			knownRegions = (
				en,
				Base,
			);
			mainGroup = 008A74BA21C54F370066FB87;
			productRefGroup = 008A74C421C54F370066FB87 /* Products */;
			projectDirPath = "";
			projectRoot = "";
			targets = (
				008A74C221C54F370066FB87 /* DrawingWithSCNLine */,
			);
		};
/* End PBXProject section */

/* Begin PBXResourcesBuildPhase section */
		008A74C121C54F370066FB87 /* Resources */ = {
			isa = PBXResourcesBuildPhase;
			buildActionMask = 2147483647;
			files = (
				008A74D221C54F3A0066FB87 /* LaunchScreen.storyboard in Resources */,
				008A74CF21C54F3A0066FB87 /* Assets.xcassets in Resources */,
				008A74C921C54F370066FB87 /* art.scnassets in Resources */,
			);
			runOnlyForDeploymentPostprocessing = 0;
		};
/* End PBXResourcesBuildPhase section */

/* Begin PBXShellScriptBuildPhase section */
		6627F7C89538A3427F7C1BB2 /* [CP] Embed Pods Frameworks */ = {
			isa = PBXShellScriptBuildPhase;
			buildActionMask = 2147483647;
			files = (
			);
			inputFileListPaths = (
			);
			inputPaths = (
				"${PODS_ROOT}/Target Support Files/Pods-DrawingWithSCNLine/Pods-DrawingWithSCNLine-frameworks.sh",
				"${BUILT_PRODUCTS_DIR}/SCNLine/SCNLine.framework",
				"${BUILT_PRODUCTS_DIR}/iOS-Color-Picker/iOS_Color_Picker.framework",
			);
			name = "[CP] Embed Pods Frameworks";
			outputFileListPaths = (
			);
			outputPaths = (
				"${TARGET_BUILD_DIR}/${FRAMEWORKS_FOLDER_PATH}/SCNLine.framework",
				"${TARGET_BUILD_DIR}/${FRAMEWORKS_FOLDER_PATH}/iOS_Color_Picker.framework",
			);
			runOnlyForDeploymentPostprocessing = 0;
			shellPath = /bin/sh;
			shellScript = "\"${PODS_ROOT}/Target Support Files/Pods-DrawingWithSCNLine/Pods-DrawingWithSCNLine-frameworks.sh\"\n";
			showEnvVarsInLog = 0;
		};
		B7C650C357C4CC057F9E63F0 /* [CP] Check Pods Manifest.lock */ = {
			isa = PBXShellScriptBuildPhase;
			buildActionMask = 2147483647;
			files = (
			);
			inputFileListPaths = (
			);
			inputPaths = (
				"${PODS_PODFILE_DIR_PATH}/Podfile.lock",
				"${PODS_ROOT}/Manifest.lock",
			);
			name = "[CP] Check Pods Manifest.lock";
			outputFileListPaths = (
			);
			outputPaths = (
				"$(DERIVED_FILE_DIR)/Pods-DrawingWithSCNLine-checkManifestLockResult.txt",
			);
			runOnlyForDeploymentPostprocessing = 0;
			shellPath = /bin/sh;
			shellScript = "diff \"${PODS_PODFILE_DIR_PATH}/Podfile.lock\" \"${PODS_ROOT}/Manifest.lock\" > /dev/null\nif [ $? != 0 ] ; then\n    # print error to STDERR\n    echo \"error: The sandbox is not in sync with the Podfile.lock. Run 'pod install' or update your CocoaPods installation.\" >&2\n    exit 1\nfi\n# This output is used by Xcode 'outputs' to avoid re-running this script phase.\necho \"SUCCESS\" > \"${SCRIPT_OUTPUT_FILE_0}\"\n";
			showEnvVarsInLog = 0;
		};
/* End PBXShellScriptBuildPhase section */

/* Begin PBXSourcesBuildPhase section */
		008A74BF21C54F370066FB87 /* Sources */ = {
			isa = PBXSourcesBuildPhase;
			buildActionMask = 2147483647;
			files = (
				008A74CD21C54F370066FB87 /* ViewController+ARSCNViewDelegate.swift in Sources */,
				008A74DA21C54FE90066FB87 /* ViewController+Drawing.swift in Sources */,
				008A74CB21C54F370066FB87 /* ViewController.swift in Sources */,
				008A74C721C54F370066FB87 /* AppDelegate.swift in Sources */,
			);
			runOnlyForDeploymentPostprocessing = 0;
		};
/* End PBXSourcesBuildPhase section */

/* Begin PBXVariantGroup section */
		008A74D021C54F3A0066FB87 /* LaunchScreen.storyboard */ = {
			isa = PBXVariantGroup;
			children = (
				008A74D121C54F3A0066FB87 /* Base */,
			);
			name = LaunchScreen.storyboard;
			sourceTree = "<group>";
		};
/* End PBXVariantGroup section */

/* Begin XCBuildConfiguration section */
		008A74D421C54F3A0066FB87 /* Debug */ = {
			isa = XCBuildConfiguration;
			buildSettings = {
				ALWAYS_SEARCH_USER_PATHS = NO;
				CLANG_ANALYZER_NONNULL = YES;
				CLANG_ANALYZER_NUMBER_OBJECT_CONVERSION = YES_AGGRESSIVE;
				CLANG_CXX_LANGUAGE_STANDARD = "gnu++14";
				CLANG_CXX_LIBRARY = "libc++";
				CLANG_ENABLE_MODULES = YES;
				CLANG_ENABLE_OBJC_ARC = YES;
				CLANG_ENABLE_OBJC_WEAK = YES;
				CLANG_WARN_BLOCK_CAPTURE_AUTORELEASING = YES;
				CLANG_WARN_BOOL_CONVERSION = YES;
				CLANG_WARN_COMMA = YES;
				CLANG_WARN_CONSTANT_CONVERSION = YES;
				CLANG_WARN_DEPRECATED_OBJC_IMPLEMENTATIONS = YES;
				CLANG_WARN_DIRECT_OBJC_ISA_USAGE = YES_ERROR;
				CLANG_WARN_DOCUMENTATION_COMMENTS = YES;
				CLANG_WARN_EMPTY_BODY = YES;
				CLANG_WARN_ENUM_CONVERSION = YES;
				CLANG_WARN_INFINITE_RECURSION = YES;
				CLANG_WARN_INT_CONVERSION = YES;
				CLANG_WARN_NON_LITERAL_NULL_CONVERSION = YES;
				CLANG_WARN_OBJC_IMPLICIT_RETAIN_SELF = YES;
				CLANG_WARN_OBJC_LITERAL_CONVERSION = YES;
				CLANG_WARN_OBJC_ROOT_CLASS = YES_ERROR;
				CLANG_WARN_RANGE_LOOP_ANALYSIS = YES;
				CLANG_WARN_STRICT_PROTOTYPES = YES;
				CLANG_WARN_SUSPICIOUS_MOVE = YES;
				CLANG_WARN_UNGUARDED_AVAILABILITY = YES_AGGRESSIVE;
				CLANG_WARN_UNREACHABLE_CODE = YES;
				CLANG_WARN__DUPLICATE_METHOD_MATCH = YES;
				CODE_SIGN_IDENTITY = "iPhone Developer";
				COPY_PHASE_STRIP = NO;
				DEBUG_INFORMATION_FORMAT = dwarf;
				ENABLE_STRICT_OBJC_MSGSEND = YES;
				ENABLE_TESTABILITY = YES;
				GCC_C_LANGUAGE_STANDARD = gnu11;
				GCC_DYNAMIC_NO_PIC = NO;
				GCC_NO_COMMON_BLOCKS = YES;
				GCC_OPTIMIZATION_LEVEL = 0;
				GCC_PREPROCESSOR_DEFINITIONS = (
					"DEBUG=1",
					"$(inherited)",
				);
				GCC_WARN_64_TO_32_BIT_CONVERSION = YES;
				GCC_WARN_ABOUT_RETURN_TYPE = YES_ERROR;
				GCC_WARN_UNDECLARED_SELECTOR = YES;
				GCC_WARN_UNINITIALIZED_AUTOS = YES_AGGRESSIVE;
				GCC_WARN_UNUSED_FUNCTION = YES;
				GCC_WARN_UNUSED_VARIABLE = YES;
				IPHONEOS_DEPLOYMENT_TARGET = 12.1;
				MTL_ENABLE_DEBUG_INFO = INCLUDE_SOURCE;
				MTL_FAST_MATH = YES;
				ONLY_ACTIVE_ARCH = YES;
				SDKROOT = iphoneos;
				SWIFT_ACTIVE_COMPILATION_CONDITIONS = DEBUG;
				SWIFT_OPTIMIZATION_LEVEL = "-Onone";
			};
			name = Debug;
		};
		008A74D521C54F3A0066FB87 /* Release */ = {
			isa = XCBuildConfiguration;
			buildSettings = {
				ALWAYS_SEARCH_USER_PATHS = NO;
				CLANG_ANALYZER_NONNULL = YES;
				CLANG_ANALYZER_NUMBER_OBJECT_CONVERSION = YES_AGGRESSIVE;
				CLANG_CXX_LANGUAGE_STANDARD = "gnu++14";
				CLANG_CXX_LIBRARY = "libc++";
				CLANG_ENABLE_MODULES = YES;
				CLANG_ENABLE_OBJC_ARC = YES;
				CLANG_ENABLE_OBJC_WEAK = YES;
				CLANG_WARN_BLOCK_CAPTURE_AUTORELEASING = YES;
				CLANG_WARN_BOOL_CONVERSION = YES;
				CLANG_WARN_COMMA = YES;
				CLANG_WARN_CONSTANT_CONVERSION = YES;
				CLANG_WARN_DEPRECATED_OBJC_IMPLEMENTATIONS = YES;
				CLANG_WARN_DIRECT_OBJC_ISA_USAGE = YES_ERROR;
				CLANG_WARN_DOCUMENTATION_COMMENTS = YES;
				CLANG_WARN_EMPTY_BODY = YES;
				CLANG_WARN_ENUM_CONVERSION = YES;
				CLANG_WARN_INFINITE_RECURSION = YES;
				CLANG_WARN_INT_CONVERSION = YES;
				CLANG_WARN_NON_LITERAL_NULL_CONVERSION = YES;
				CLANG_WARN_OBJC_IMPLICIT_RETAIN_SELF = YES;
				CLANG_WARN_OBJC_LITERAL_CONVERSION = YES;
				CLANG_WARN_OBJC_ROOT_CLASS = YES_ERROR;
				CLANG_WARN_RANGE_LOOP_ANALYSIS = YES;
				CLANG_WARN_STRICT_PROTOTYPES = YES;
				CLANG_WARN_SUSPICIOUS_MOVE = YES;
				CLANG_WARN_UNGUARDED_AVAILABILITY = YES_AGGRESSIVE;
				CLANG_WARN_UNREACHABLE_CODE = YES;
				CLANG_WARN__DUPLICATE_METHOD_MATCH = YES;
				CODE_SIGN_IDENTITY = "iPhone Developer";
				COPY_PHASE_STRIP = NO;
				DEBUG_INFORMATION_FORMAT = "dwarf-with-dsym";
				ENABLE_NS_ASSERTIONS = NO;
				ENABLE_STRICT_OBJC_MSGSEND = YES;
				GCC_C_LANGUAGE_STANDARD = gnu11;
				GCC_NO_COMMON_BLOCKS = YES;
				GCC_WARN_64_TO_32_BIT_CONVERSION = YES;
				GCC_WARN_ABOUT_RETURN_TYPE = YES_ERROR;
				GCC_WARN_UNDECLARED_SELECTOR = YES;
				GCC_WARN_UNINITIALIZED_AUTOS = YES_AGGRESSIVE;
				GCC_WARN_UNUSED_FUNCTION = YES;
				GCC_WARN_UNUSED_VARIABLE = YES;
				IPHONEOS_DEPLOYMENT_TARGET = 12.1;
				MTL_ENABLE_DEBUG_INFO = NO;
				MTL_FAST_MATH = YES;
				SDKROOT = iphoneos;
				SWIFT_COMPILATION_MODE = wholemodule;
				SWIFT_OPTIMIZATION_LEVEL = "-O";
				VALIDATE_PRODUCT = YES;
			};
			name = Release;
		};
		008A74D721C54F3A0066FB87 /* Debug */ = {
			isa = XCBuildConfiguration;
			baseConfigurationReference = 313C49C0341C27D73595E5A0 /* Pods-DrawingWithSCNLine.debug.xcconfig */;
			buildSettings = {
				ASSETCATALOG_COMPILER_APPICON_NAME = AppIcon;
				CODE_SIGN_STYLE = Automatic;
				DEVELOPMENT_TEAM = N2RTJDRM64;
				INFOPLIST_FILE = DrawingWithSCNLine/Info.plist;
				LD_RUNPATH_SEARCH_PATHS = (
					"$(inherited)",
					"@executable_path/Frameworks",
				);
				PRODUCT_BUNDLE_IDENTIFIER = com.maxxfrazer.DrawingWithSCNLine;
				PRODUCT_NAME = "$(TARGET_NAME)";
				SWIFT_VERSION = 4.2;
				TARGETED_DEVICE_FAMILY = "1,2";
			};
			name = Debug;
		};
		008A74D821C54F3A0066FB87 /* Release */ = {
			isa = XCBuildConfiguration;
			baseConfigurationReference = 24D3352DCC93E34A83387064 /* Pods-DrawingWithSCNLine.release.xcconfig */;
			buildSettings = {
				ASSETCATALOG_COMPILER_APPICON_NAME = AppIcon;
				CODE_SIGN_STYLE = Automatic;
				DEVELOPMENT_TEAM = N2RTJDRM64;
				INFOPLIST_FILE = DrawingWithSCNLine/Info.plist;
				LD_RUNPATH_SEARCH_PATHS = (
					"$(inherited)",
					"@executable_path/Frameworks",
				);
				PRODUCT_BUNDLE_IDENTIFIER = com.maxxfrazer.DrawingWithSCNLine;
				PRODUCT_NAME = "$(TARGET_NAME)";
				SWIFT_VERSION = 4.2;
				TARGETED_DEVICE_FAMILY = "1,2";
			};
			name = Release;
		};
/* End XCBuildConfiguration section */

/* Begin XCConfigurationList section */
		008A74BE21C54F370066FB87 /* Build configuration list for PBXProject "DrawingWithSCNLine" */ = {
			isa = XCConfigurationList;
			buildConfigurations = (
				008A74D421C54F3A0066FB87 /* Debug */,
				008A74D521C54F3A0066FB87 /* Release */,
			);
			defaultConfigurationIsVisible = 0;
			defaultConfigurationName = Release;
		};
		008A74D621C54F3A0066FB87 /* Build configuration list for PBXNativeTarget "DrawingWithSCNLine" */ = {
			isa = XCConfigurationList;
			buildConfigurations = (
				008A74D721C54F3A0066FB87 /* Debug */,
				008A74D821C54F3A0066FB87 /* Release */,
			);
			defaultConfigurationIsVisible = 0;
			defaultConfigurationName = Release;
		};
/* End XCConfigurationList section */
	};
	rootObject = 008A74BB21C54F370066FB87 /* Project object */;
}
